
Microsoft Visual Studio Solution File, Format Version 12.00
# Visual Studio Version 17
VisualStudioVersion = 17.7.34031.279
MinimumVisualStudioVersion = 10.0.40219.1
Project("{9A19103F-16F7-4668-BE54-9A1E7A4F7556}") = "InvoicePaymentServices.Api", "InvoicePaymentServices.Api.csproj", "{DC2EBADF-D951-41ED-B393-1D7627EF8BD3}"
	ProjectSection(ProjectDependencies) = postProject
		{E4F0ACBF-A15E-4F35-BECE-C8E826C7CB3D} = {E4F0ACBF-A15E-4F35-BECE-C8E826C7CB3D}
	EndProjectSection
EndProject
Project("{9A19103F-16F7-4668-BE54-9A1E7A4F7556}") = "InvoicePaymentServices.Core", "..\InvoicePaymentServices.Core\InvoicePaymentServices.Core.csproj", "{76EAC3D0-5C8D-49E1-98DB-22C5F892FFCB}"
EndProject
Project("{FAE04EC0-301F-11D3-BF4B-00C04F79EFBC}") = "InvoicePaymentServices.Infra", "..\InvoicePaymentServices.Infra\InvoicePaymentServices.Infra.csproj", "{E4F0ACBF-A15E-4F35-BECE-C8E826C7CB3D}"
	ProjectSection(ProjectDependencies) = postProject
		{76EAC3D0-5C8D-49E1-98DB-22C5F892FFCB} = {76EAC3D0-5C8D-49E1-98DB-22C5F892FFCB}
	EndProjectSection
EndProject
Project("{FAE04EC0-301F-11D3-BF4B-00C04F79EFBC}") = "InvoicePaymentServices.Tests", "..\InvoicePayment.ServicesTests\InvoicePaymentServices.Tests.csproj", "{191F9AB9-BB14-4462-A763-1529A4D2569F}"
	ProjectSection(ProjectDependencies) = postProject
		{76EAC3D0-5C8D-49E1-98DB-22C5F892FFCB} = {76EAC3D0-5C8D-49E1-98DB-22C5F892FFCB}
		{DC2EBADF-D951-41ED-B393-1D7627EF8BD3} = {DC2EBADF-D951-41ED-B393-1D7627EF8BD3}
		{E4F0ACBF-A15E-4F35-BECE-C8E826C7CB3D} = {E4F0ACBF-A15E-4F35-BECE-C8E826C7CB3D}
	EndProjectSection
EndProject
Global
	GlobalSection(SolutionConfigurationPlatforms) = preSolution
		Debug|Any CPU = Debug|Any CPU
		Release|Any CPU = Release|Any CPU
	EndGlobalSection
	GlobalSection(ProjectConfigurationPlatforms) = postSolution
		{DC2EBADF-D951-41ED-B393-1D7627EF8BD3}.Debug|Any CPU.ActiveCfg = Debug|Any CPU
		{DC2EBADF-D951-41ED-B393-1D7627EF8BD3}.Debug|Any CPU.Build.0 = Debug|Any CPU
		{DC2EBADF-D951-41ED-B393-1D7627EF8BD3}.Release|Any CPU.ActiveCfg = Release|Any CPU
		{DC2EBADF-D951-41ED-B393-1D7627EF8BD3}.Release|Any CPU.Build.0 = Release|Any CPU
		{76EAC3D0-5C8D-49E1-98DB-22C5F892FFCB}.Debug|Any CPU.ActiveCfg = Debug|Any CPU
		{76EAC3D0-5C8D-49E1-98DB-22C5F892FFCB}.Debug|Any CPU.Build.0 = Debug|Any CPU
		{76EAC3D0-5C8D-49E1-98DB-22C5F892FFCB}.Release|Any CPU.ActiveCfg = Release|Any CPU
		{76EAC3D0-5C8D-49E1-98DB-22C5F892FFCB}.Release|Any CPU.Build.0 = Release|Any CPU
		{E4F0ACBF-A15E-4F35-BECE-C8E826C7CB3D}.Debug|Any CPU.ActiveCfg = Debug|Any CPU
		{E4F0ACBF-A15E-4F35-BECE-C8E826C7CB3D}.Debug|Any CPU.Build.0 = Debug|Any CPU
		{E4F0ACBF-A15E-4F35-BECE-C8E826C7CB3D}.Release|Any CPU.ActiveCfg = Release|Any CPU
		{E4F0ACBF-A15E-4F35-BECE-C8E826C7CB3D}.Release|Any CPU.Build.0 = Release|Any CPU
		{191F9AB9-BB14-4462-A763-1529A4D2569F}.Debug|Any CPU.ActiveCfg = Debug|Any CPU
		{191F9AB9-BB14-4462-A763-1529A4D2569F}.Debug|Any CPU.Build.0 = Debug|Any CPU
		{191F9AB9-BB14-4462-A763-1529A4D2569F}.Release|Any CPU.ActiveCfg = Release|Any CPU
		{191F9AB9-BB14-4462-A763-1529A4D2569F}.Release|Any CPU.Build.0 = Release|Any CPU
	EndGlobalSection
	GlobalSection(SolutionProperties) = preSolution
		HideSolutionNode = FALSE
	EndGlobalSection
	GlobalSection(ExtensibilityGlobals) = postSolution
		SolutionGuid = {C5B12E4E-D6FB-47CA-9D35-0D761E0AAEC3}
	EndGlobalSection
EndGlobal
